{
  "requires": true,
  "lockfileVersion": 1,
  "dependencies": {
    "@angular/router": {
      "version": "6.0.7",
      "resolved": "https://registry.npmjs.org/@angular/router/-/router-6.1.10.tgz",
      "integrity": "sha512-tekI3dkdvd65oMoxjjgRA+16uDgPUBWHhYxids6pgO8vobZNtCo8VaVlcDyLUhdmtS5kONELx0iL5E2M0Y2Bag==",
      "requires": {
        "tslib": "^1.9.0"
      }
    },
    "angular2-token": {
      "version": "0.2.0",
      "resolved": "https://registry.npmjs.org/angular2-token/-/angular2-token-0.2.0.tgz",
      "integrity": "sha512-GUVo6PCllkm1L29t09yULJrIUH3uOCSBTYPcUul3FpuPvKVpSw/9Qh3HIuB6DpmHD0VTtH/Ybviu2XEtqjnPjw==",
      "requires": {
        "tslib": "^1.9.0"
      }
    },
    "tslib": {
      "version": "1.9.3",
      "resolved": "https://registry.npmjs.org/tslib/-/tslib-1.9.3.tgz",
      "integrity": "sha512-4krF8scpejhaOgqzBEcGM7yDIEfi0/8+8zDRZhNZZ2kjmHJ4hv3zCbQWxoJGz1iw5U0Jl0nma13xzHXcncMavQ=="
    }
  }
}
